// !$*UTF8*$!
{
	archiveVersion = 1;
	classes = {
	};
	objectVersion = 45;
	objects = {

/* Begin PBXBuildFile section */
		1D3623260D0F684500981E51 /* NomTrackerAppDelegate.m in Sources */ = {isa = PBXBuildFile; fileRef = 1D3623250D0F684500981E51 /* NomTrackerAppDelegate.m */; };
		1D60589B0D05DD56006BFB54 /* main.m in Sources */ = {isa = PBXBuildFile; fileRef = 29B97316FDCFA39411CA2CEA /* main.m */; };
		1D60589F0D05DD5A006BFB54 /* Foundation.framework in Frameworks */ = {isa = PBXBuildFile; fileRef = 1D30AB110D05D00D00671497 /* Foundation.framework */; };
		1DF5F4E00D08C38300B7A737 /* UIKit.framework in Frameworks */ = {isa = PBXBuildFile; fileRef = 1DF5F4DF0D08C38300B7A737 /* UIKit.framework */; };
		288765FD0DF74451002DB57D /* CoreGraphics.framework in Frameworks */ = {isa = PBXBuildFile; fileRef = 288765FC0DF74451002DB57D /* CoreGraphics.framework */; };
		28AD733F0D9D9553002E5188 /* MainWindow.xib in Resources */ = {isa = PBXBuildFile; fileRef = 28AD733E0D9D9553002E5188 /* MainWindow.xib */; };
		5F14E976102CEB5200495EA1 /* TransactionDetailViewController.m in Sources */ = {isa = PBXBuildFile; fileRef = 5F14E975102CEB5200495EA1 /* TransactionDetailViewController.m */; };
		5F14E996102CEEE700495EA1 /* TransactionDetailView.xib in Resources */ = {isa = PBXBuildFile; fileRef = 5F14E995102CEEE700495EA1 /* TransactionDetailView.xib */; };
		5F14EA27102D2B3C00495EA1 /* DatePickerView.xib in Resources */ = {isa = PBXBuildFile; fileRef = 5F14EA26102D2B3C00495EA1 /* DatePickerView.xib */; };
		5F909F5F10306C0C00EB8FC2 /* Connection.m in Sources */ = {isa = PBXBuildFile; fileRef = 5F909F1010306C0C00EB8FC2 /* Connection.m */; };
		5F909F6010306C0C00EB8FC2 /* ConnectionDelegate.m in Sources */ = {isa = PBXBuildFile; fileRef = 5F909F1210306C0C00EB8FC2 /* ConnectionDelegate.m */; };
		5F909F6110306C0C00EB8FC2 /* ConnectionManager.m in Sources */ = {isa = PBXBuildFile; fileRef = 5F909F1410306C0C00EB8FC2 /* ConnectionManager.m */; };
		5F909F6210306C0C00EB8FC2 /* NSError+Error.m in Sources */ = {isa = PBXBuildFile; fileRef = 5F909F1610306C0C00EB8FC2 /* NSError+Error.m */; };
		5F909F6310306C0C00EB8FC2 /* NSHTTPURLResponse+Error.m in Sources */ = {isa = PBXBuildFile; fileRef = 5F909F1810306C0C00EB8FC2 /* NSHTTPURLResponse+Error.m */; };
		5F909F6410306C0C00EB8FC2 /* NSMutableURLRequest+ResponseType.m in Sources */ = {isa = PBXBuildFile; fileRef = 5F909F1A10306C0C00EB8FC2 /* NSMutableURLRequest+ResponseType.m */; };
		5F909F6510306C0C00EB8FC2 /* NSObject+ObjectiveResource.m in Sources */ = {isa = PBXBuildFile; fileRef = 5F909F1C10306C0C00EB8FC2 /* NSObject+ObjectiveResource.m */; };
		5F909F6610306C0C00EB8FC2 /* NSString+InflectionSupport.m in Sources */ = {isa = PBXBuildFile; fileRef = 5F909F2210306C0C00EB8FC2 /* NSString+InflectionSupport.m */; };
		5F909F6710306C0C00EB8FC2 /* NSData+Additions.m in Sources */ = {isa = PBXBuildFile; fileRef = 5F909F2410306C0C00EB8FC2 /* NSData+Additions.m */; };
		5F909F6810306C0C00EB8FC2 /* NSObject+PropertySupport.m in Sources */ = {isa = PBXBuildFile; fileRef = 5F909F2610306C0C00EB8FC2 /* NSObject+PropertySupport.m */; };
		5F909F6910306C0C00EB8FC2 /* NSString+GSub.m in Sources */ = {isa = PBXBuildFile; fileRef = 5F909F2810306C0C00EB8FC2 /* NSString+GSub.m */; };
		5F909F6A10306C0C00EB8FC2 /* ObjectiveResourceDateFormatter.m in Sources */ = {isa = PBXBuildFile; fileRef = 5F909F2A10306C0C00EB8FC2 /* ObjectiveResourceDateFormatter.m */; };
		5F909F6B10306C0C00EB8FC2 /* NSObject+SBJSON.m in Sources */ = {isa = PBXBuildFile; fileRef = 5F909F2F10306C0C00EB8FC2 /* NSObject+SBJSON.m */; };
		5F909F6C10306C0C00EB8FC2 /* NSString+SBJSON.m in Sources */ = {isa = PBXBuildFile; fileRef = 5F909F3110306C0C00EB8FC2 /* NSString+SBJSON.m */; };
		5F909F6D10306C0C00EB8FC2 /* SBJSON.m in Sources */ = {isa = PBXBuildFile; fileRef = 5F909F3310306C0C00EB8FC2 /* SBJSON.m */; };
		5F909F6E10306C0C00EB8FC2 /* NSArray+JSONSerializableSupport.m in Sources */ = {isa = PBXBuildFile; fileRef = 5F909F3910306C0C00EB8FC2 /* NSArray+JSONSerializableSupport.m */; };
		5F909F6F10306C0C00EB8FC2 /* NSDictionary+JSONSerializableSupport.m in Sources */ = {isa = PBXBuildFile; fileRef = 5F909F3B10306C0C00EB8FC2 /* NSDictionary+JSONSerializableSupport.m */; };
		5F909F7010306C0C00EB8FC2 /* NSObject+JSONSerializableSupport.m in Sources */ = {isa = PBXBuildFile; fileRef = 5F909F3D10306C0C00EB8FC2 /* NSObject+JSONSerializableSupport.m */; };
		5F909F7110306C0C00EB8FC2 /* NSDate+Serialize.m in Sources */ = {isa = PBXBuildFile; fileRef = 5F909F3F10306C0C00EB8FC2 /* NSDate+Serialize.m */; };
		5F909F7210306C0C00EB8FC2 /* NSDictionary+KeyTranslation.m in Sources */ = {isa = PBXBuildFile; fileRef = 5F909F4110306C0C00EB8FC2 /* NSDictionary+KeyTranslation.m */; };
		5F909F7310306C0C00EB8FC2 /* NSObject+Serialize.m in Sources */ = {isa = PBXBuildFile; fileRef = 5F909F4310306C0C00EB8FC2 /* NSObject+Serialize.m */; };
		5F909F7410306C0C00EB8FC2 /* NSString+Serialize.m in Sources */ = {isa = PBXBuildFile; fileRef = 5F909F4510306C0C00EB8FC2 /* NSString+Serialize.m */; };
		5F909F7510306C0C00EB8FC2 /* FromXMLElementDelegate.m in Sources */ = {isa = PBXBuildFile; fileRef = 5F909F4910306C0C00EB8FC2 /* FromXMLElementDelegate.m */; };
		5F909F7610306C0C00EB8FC2 /* NSArray+XMLSerializableSupport.m in Sources */ = {isa = PBXBuildFile; fileRef = 5F909F4B10306C0C00EB8FC2 /* NSArray+XMLSerializableSupport.m */; };
		5F909F7710306C0C00EB8FC2 /* NSDate+XMLSerializableSupport.m in Sources */ = {isa = PBXBuildFile; fileRef = 5F909F4D10306C0C00EB8FC2 /* NSDate+XMLSerializableSupport.m */; };
		5F909F7810306C0C00EB8FC2 /* NSDictionary+XMLSerializableSupport.m in Sources */ = {isa = PBXBuildFile; fileRef = 5F909F4F10306C0C00EB8FC2 /* NSDictionary+XMLSerializableSupport.m */; };
		5F909F7910306C0C00EB8FC2 /* NSNull+XMLSerializableSupport.m in Sources */ = {isa = PBXBuildFile; fileRef = 5F909F5110306C0C00EB8FC2 /* NSNull+XMLSerializableSupport.m */; };
		5F909F7A10306C0C00EB8FC2 /* NSNumber+XMLSerializableSupport.m in Sources */ = {isa = PBXBuildFile; fileRef = 5F909F5310306C0C00EB8FC2 /* NSNumber+XMLSerializableSupport.m */; };
		5F909F7B10306C0C00EB8FC2 /* NSObject+XMLSerializableSupport.m in Sources */ = {isa = PBXBuildFile; fileRef = 5F909F5510306C0C00EB8FC2 /* NSObject+XMLSerializableSupport.m */; };
		5F909F7C10306C0C00EB8FC2 /* NSString+XMLSerializableSupport.m in Sources */ = {isa = PBXBuildFile; fileRef = 5F909F5710306C0C00EB8FC2 /* NSString+XMLSerializableSupport.m */; };
		5F909F7D10306C0C00EB8FC2 /* ObjectiveResourceConfig.m in Sources */ = {isa = PBXBuildFile; fileRef = 5F909F5C10306C0C00EB8FC2 /* ObjectiveResourceConfig.m */; };
		5F909F7E10306C0C00EB8FC2 /* Response.m in Sources */ = {isa = PBXBuildFile; fileRef = 5F909F5E10306C0C00EB8FC2 /* Response.m */; };
		5F90A0A610307FE000EB8FC2 /* lentme_lit.png in Resources */ = {isa = PBXBuildFile; fileRef = 5F90A0A410307FE000EB8FC2 /* lentme_lit.png */; };
		5F90A0A710307FE000EB8FC2 /* lentme_unlit.png in Resources */ = {isa = PBXBuildFile; fileRef = 5F90A0A510307FE000EB8FC2 /* lentme_unlit.png */; };
		5F90A0CC10308FAC00EB8FC2 /* borrowed_lit.png in Resources */ = {isa = PBXBuildFile; fileRef = 5F90A0CA10308FAC00EB8FC2 /* borrowed_lit.png */; };
		5F90A0CD10308FAC00EB8FC2 /* borrowed_unlit.png in Resources */ = {isa = PBXBuildFile; fileRef = 5F90A0CB10308FAC00EB8FC2 /* borrowed_unlit.png */; };
		5F90A10D103097CE00EB8FC2 /* clock.png in Resources */ = {isa = PBXBuildFile; fileRef = 5F90A10C103097CE00EB8FC2 /* clock.png */; };
		5F925DE0102BBFBD005AC101 /* transaction_background.png in Resources */ = {isa = PBXBuildFile; fileRef = 5F925DDD102BBFBD005AC101 /* transaction_background.png */; };
		5F925DE1102BBFBD005AC101 /* transaction_contactsbutton.png in Resources */ = {isa = PBXBuildFile; fileRef = 5F925DDE102BBFBD005AC101 /* transaction_contactsbutton.png */; };
		5F925DE2102BBFBD005AC101 /* transaction_submit.png in Resources */ = {isa = PBXBuildFile; fileRef = 5F925DDF102BBFBD005AC101 /* transaction_submit.png */; };
		5F925DE7102BC4F1005AC101 /* SettingsViewController.m in Sources */ = {isa = PBXBuildFile; fileRef = 5F925DE6102BC4F1005AC101 /* SettingsViewController.m */; };
		5F925DEA102BC650005AC101 /* SettingsView.xib in Resources */ = {isa = PBXBuildFile; fileRef = 5F925DE9102BC650005AC101 /* SettingsView.xib */; };
		5F925E08102BCA89005AC101 /* sign_out.png in Resources */ = {isa = PBXBuildFile; fileRef = 5F925E07102BCA89005AC101 /* sign_out.png */; };
		5FAD557E102AA5E6000B5D28 /* borrowed_1.png in Resources */ = {isa = PBXBuildFile; fileRef = 5FAD5579102AA5E6000B5D28 /* borrowed_1.png */; };
		5FAD557F102AA5E6000B5D28 /* balance_bars.png in Resources */ = {isa = PBXBuildFile; fileRef = 5FAD557A102AA5E6000B5D28 /* balance_bars.png */; };
		5FAD5580102AA5E6000B5D28 /* gear_30.png in Resources */ = {isa = PBXBuildFile; fileRef = 5FAD557B102AA5E6000B5D28 /* gear_30.png */; };
		5FAD5581102AA5E6000B5D28 /* lentme2.png in Resources */ = {isa = PBXBuildFile; fileRef = 5FAD557C102AA5E6000B5D28 /* lentme2.png */; };
		5FAD5582102AA5E6000B5D28 /* new.png in Resources */ = {isa = PBXBuildFile; fileRef = 5FAD557D102AA5E6000B5D28 /* new.png */; };
		5FAD5591102AA82C000B5D28 /* LoginViewController.m in Sources */ = {isa = PBXBuildFile; fileRef = 5FAD5590102AA82C000B5D28 /* LoginViewController.m */; };
		5FAD55A6102AAA11000B5D28 /* LoginView.xib in Resources */ = {isa = PBXBuildFile; fileRef = 5FAD55A5102AAA11000B5D28 /* LoginView.xib */; };
		5FAD55AB102AAAB7000B5D28 /* BalancesNavController.m in Sources */ = {isa = PBXBuildFile; fileRef = 5FAD55AA102AAAB7000B5D28 /* BalancesNavController.m */; };
		5FAD55C9102AABE6000B5D28 /* BalancesTableView.xib in Resources */ = {isa = PBXBuildFile; fileRef = 5FAD55C8102AABE6000B5D28 /* BalancesTableView.xib */; };
		5FAD55CC102AABFD000B5D28 /* BalancesTableViewController.m in Sources */ = {isa = PBXBuildFile; fileRef = 5FAD55CB102AABFD000B5D28 /* BalancesTableViewController.m */; };
		5FAD5619102AB10B000B5D28 /* TransactionsTableViewController.m in Sources */ = {isa = PBXBuildFile; fileRef = 5FAD5618102AB10B000B5D28 /* TransactionsTableViewController.m */; };
		5FAD5638102AB2B9000B5D28 /* TransactionsTableView.xib in Resources */ = {isa = PBXBuildFile; fileRef = 5FAD5637102AB2B9000B5D28 /* TransactionsTableView.xib */; };
		5FAD5744102AB8B2000B5D28 /* Balance.m in Sources */ = {isa = PBXBuildFile; fileRef = 5FAD5743102AB8B2000B5D28 /* Balance.m */; };
		5FAD57A4102AC38D000B5D28 /* BalancesTableCell.m in Sources */ = {isa = PBXBuildFile; fileRef = 5FAD57A3102AC38D000B5D28 /* BalancesTableCell.m */; };
		5FAD57FA102B226B000B5D28 /* NewTransactionViewController.m in Sources */ = {isa = PBXBuildFile; fileRef = 5FAD57F9102B226B000B5D28 /* NewTransactionViewController.m */; };
		5FAD57FC102B2279000B5D28 /* NewTransactionView.xib in Resources */ = {isa = PBXBuildFile; fileRef = 5FAD57FB102B2279000B5D28 /* NewTransactionView.xib */; };
		5FAD5807102B2487000B5D28 /* Transaction.m in Sources */ = {isa = PBXBuildFile; fileRef = 5FAD5806102B2487000B5D28 /* Transaction.m */; };
		5FAD5BC5102B4D9A000B5D28 /* UserPickerView.xib in Resources */ = {isa = PBXBuildFile; fileRef = 5FAD5BC4102B4D9A000B5D28 /* UserPickerView.xib */; };
		5FAD5BCB102B4EFA000B5D28 /* Email.m in Sources */ = {isa = PBXBuildFile; fileRef = 5FAD5BCA102B4EFA000B5D28 /* Email.m */; };
		5FAD5DCE102B640F000B5D28 /* login_background.png in Resources */ = {isa = PBXBuildFile; fileRef = 5FAD5DCD102B640F000B5D28 /* login_background.png */; };
		5FAD5DD1102B6478000B5D28 /* sign_in.png in Resources */ = {isa = PBXBuildFile; fileRef = 5FAD5DD0102B6478000B5D28 /* sign_in.png */; };
		5FAD5EB7102B767F000B5D28 /* checked.png in Resources */ = {isa = PBXBuildFile; fileRef = 5FAD5EB5102B767F000B5D28 /* checked.png */; };
		5FAD5EB8102B767F000B5D28 /* unchecked.png in Resources */ = {isa = PBXBuildFile; fileRef = 5FAD5EB6102B767F000B5D28 /* unchecked.png */; };
		5FB670681030C7F5007E804E /* sign_out2.png in Resources */ = {isa = PBXBuildFile; fileRef = 5FB670671030C7F5007E804E /* sign_out2.png */; };
		6423964A1153DBE100250C75 /* new_transaction_background.png in Resources */ = {isa = PBXBuildFile; fileRef = 642396491153DBE100250C75 /* new_transaction_background.png */; };
		646780A511489146007C7DD5 /* sign_in_background.png in Resources */ = {isa = PBXBuildFile; fileRef = 646780A411489146007C7DD5 /* sign_in_background.png */; };
		646780B11148925B007C7DD5 /* SLS_Logo.png in Resources */ = {isa = PBXBuildFile; fileRef = 646780B01148925B007C7DD5 /* SLS_Logo.png */; };
		646780B51148929C007C7DD5 /* lentme_unlit_checked.png in Resources */ = {isa = PBXBuildFile; fileRef = 646780B41148929C007C7DD5 /* lentme_unlit_checked.png */; };
		646780B7114892A3007C7DD5 /* borrowed_unlit_checked.png in Resources */ = {isa = PBXBuildFile; fileRef = 646780B6114892A3007C7DD5 /* borrowed_unlit_checked.png */; };
		646780B9114892AF007C7DD5 /* add_image_camera.png in Resources */ = {isa = PBXBuildFile; fileRef = 646780B8114892AF007C7DD5 /* add_image_camera.png */; };
		64A2F9F31157F00200351320 /* UserPickerViewController.m in Sources */ = {isa = PBXBuildFile; fileRef = 64A2F9F21157F00200351320 /* UserPickerViewController.m */; };
		64A2FA161157F24100351320 /* nom_icon_01.png in Resources */ = {isa = PBXBuildFile; fileRef = 64A2FA151157F24100351320 /* nom_icon_01.png */; };
/* End PBXBuildFile section */

/* Begin PBXFileReference section */
		1D30AB110D05D00D00671497 /* Foundation.framework */ = {isa = PBXFileReference; lastKnownFileType = wrapper.framework; name = Foundation.framework; path = System/Library/Frameworks/Foundation.framework; sourceTree = SDKROOT; };
		1D3623240D0F684500981E51 /* NomTrackerAppDelegate.h */ = {isa = PBXFileReference; fileEncoding = 4; lastKnownFileType = sourcecode.c.h; path = NomTrackerAppDelegate.h; sourceTree = "<group>"; };
		1D3623250D0F684500981E51 /* NomTrackerAppDelegate.m */ = {isa = PBXFileReference; fileEncoding = 4; lastKnownFileType = sourcecode.c.objc; path = NomTrackerAppDelegate.m; sourceTree = "<group>"; };
		1D6058910D05DD3D006BFB54 /* NomTracker.app */ = {isa = PBXFileReference; explicitFileType = wrapper.application; includeInIndex = 0; path = NomTracker.app; sourceTree = BUILT_PRODUCTS_DIR; };
		1DF5F4DF0D08C38300B7A737 /* UIKit.framework */ = {isa = PBXFileReference; lastKnownFileType = wrapper.framework; name = UIKit.framework; path = System/Library/Frameworks/UIKit.framework; sourceTree = SDKROOT; };
		288765FC0DF74451002DB57D /* CoreGraphics.framework */ = {isa = PBXFileReference; lastKnownFileType = wrapper.framework; name = CoreGraphics.framework; path = System/Library/Frameworks/CoreGraphics.framework; sourceTree = SDKROOT; };
		28AD733E0D9D9553002E5188 /* MainWindow.xib */ = {isa = PBXFileReference; lastKnownFileType = file.xib; path = MainWindow.xib; sourceTree = "<group>"; };
		29B97316FDCFA39411CA2CEA /* main.m */ = {isa = PBXFileReference; fileEncoding = 4; lastKnownFileType = sourcecode.c.objc; path = main.m; sourceTree = "<group>"; };
		32CA4F630368D1EE00C91783 /* NomTracker_Prefix.pch */ = {isa = PBXFileReference; fileEncoding = 4; lastKnownFileType = sourcecode.c.h; path = NomTracker_Prefix.pch; sourceTree = "<group>"; };
		5F14E974102CEB5200495EA1 /* TransactionDetailViewController.h */ = {isa = PBXFileReference; fileEncoding = 4; lastKnownFileType = sourcecode.c.h; path = TransactionDetailViewController.h; sourceTree = "<group>"; };
		5F14E975102CEB5200495EA1 /* TransactionDetailViewController.m */ = {isa = PBXFileReference; fileEncoding = 4; lastKnownFileType = sourcecode.c.objc; path = TransactionDetailViewController.m; sourceTree = "<group>"; };
		5F14E995102CEEE700495EA1 /* TransactionDetailView.xib */ = {isa = PBXFileReference; lastKnownFileType = file.xib; path = TransactionDetailView.xib; sourceTree = "<group>"; };
		5F14EA26102D2B3C00495EA1 /* DatePickerView.xib */ = {isa = PBXFileReference; lastKnownFileType = file.xib; path = DatePickerView.xib; sourceTree = "<group>"; };
		5F909F0F10306C0C00EB8FC2 /* Connection.h */ = {isa = PBXFileReference; fileEncoding = 4; lastKnownFileType = sourcecode.c.h; path = Connection.h; sourceTree = "<group>"; };
		5F909F1010306C0C00EB8FC2 /* Connection.m */ = {isa = PBXFileReference; fileEncoding = 4; lastKnownFileType = sourcecode.c.objc; path = Connection.m; sourceTree = "<group>"; };
		5F909F1110306C0C00EB8FC2 /* ConnectionDelegate.h */ = {isa = PBXFileReference; fileEncoding = 4; lastKnownFileType = sourcecode.c.h; path = ConnectionDelegate.h; sourceTree = "<group>"; };
		5F909F1210306C0C00EB8FC2 /* ConnectionDelegate.m */ = {isa = PBXFileReference; fileEncoding = 4; lastKnownFileType = sourcecode.c.objc; path = ConnectionDelegate.m; sourceTree = "<group>"; };
		5F909F1310306C0C00EB8FC2 /* ConnectionManager.h */ = {isa = PBXFileReference; fileEncoding = 4; lastKnownFileType = sourcecode.c.h; path = ConnectionManager.h; sourceTree = "<group>"; };
		5F909F1410306C0C00EB8FC2 /* ConnectionManager.m */ = {isa = PBXFileReference; fileEncoding = 4; lastKnownFileType = sourcecode.c.objc; path = ConnectionManager.m; sourceTree = "<group>"; };
		5F909F1510306C0C00EB8FC2 /* NSError+Error.h */ = {isa = PBXFileReference; fileEncoding = 4; lastKnownFileType = sourcecode.c.h; path = "NSError+Error.h"; sourceTree = "<group>"; };
		5F909F1610306C0C00EB8FC2 /* NSError+Error.m */ = {isa = PBXFileReference; fileEncoding = 4; lastKnownFileType = sourcecode.c.objc; path = "NSError+Error.m"; sourceTree = "<group>"; };
		5F909F1710306C0C00EB8FC2 /* NSHTTPURLResponse+Error.h */ = {isa = PBXFileReference; fileEncoding = 4; lastKnownFileType = sourcecode.c.h; path = "NSHTTPURLResponse+Error.h"; sourceTree = "<group>"; };
		5F909F1810306C0C00EB8FC2 /* NSHTTPURLResponse+Error.m */ = {isa = PBXFileReference; fileEncoding = 4; lastKnownFileType = sourcecode.c.objc; path = "NSHTTPURLResponse+Error.m"; sourceTree = "<group>"; };
		5F909F1910306C0C00EB8FC2 /* NSMutableURLRequest+ResponseType.h */ = {isa = PBXFileReference; fileEncoding = 4; lastKnownFileType = sourcecode.c.h; path = "NSMutableURLRequest+ResponseType.h"; sourceTree = "<group>"; };
		5F909F1A10306C0C00EB8FC2 /* NSMutableURLRequest+ResponseType.m */ = {isa = PBXFileReference; fileEncoding = 4; lastKnownFileType = sourcecode.c.objc; path = "NSMutableURLRequest+ResponseType.m"; sourceTree = "<group>"; };
		5F909F1B10306C0C00EB8FC2 /* NSObject+ObjectiveResource.h */ = {isa = PBXFileReference; fileEncoding = 4; lastKnownFileType = sourcecode.c.h; path = "NSObject+ObjectiveResource.h"; sourceTree = "<group>"; };
		5F909F1C10306C0C00EB8FC2 /* NSObject+ObjectiveResource.m */ = {isa = PBXFileReference; fileEncoding = 4; lastKnownFileType = sourcecode.c.objc; path = "NSObject+ObjectiveResource.m"; sourceTree = "<group>"; };
		5F909F1F10306C0C00EB8FC2 /* CoreSupport.h */ = {isa = PBXFileReference; fileEncoding = 4; lastKnownFileType = sourcecode.c.h; path = CoreSupport.h; sourceTree = "<group>"; };
		5F909F2110306C0C00EB8FC2 /* NSString+InflectionSupport.h */ = {isa = PBXFileReference; fileEncoding = 4; lastKnownFileType = sourcecode.c.h; path = "NSString+InflectionSupport.h"; sourceTree = "<group>"; };
		5F909F2210306C0C00EB8FC2 /* NSString+InflectionSupport.m */ = {isa = PBXFileReference; fileEncoding = 4; lastKnownFileType = sourcecode.c.objc; path = "NSString+InflectionSupport.m"; sourceTree = "<group>"; };
		5F909F2310306C0C00EB8FC2 /* NSData+Additions.h */ = {isa = PBXFileReference; fileEncoding = 4; lastKnownFileType = sourcecode.c.h; path = "NSData+Additions.h"; sourceTree = "<group>"; };
		5F909F2410306C0C00EB8FC2 /* NSData+Additions.m */ = {isa = PBXFileReference; fileEncoding = 4; lastKnownFileType = sourcecode.c.objc; path = "NSData+Additions.m"; sourceTree = "<group>"; };
		5F909F2510306C0C00EB8FC2 /* NSObject+PropertySupport.h */ = {isa = PBXFileReference; fileEncoding = 4; lastKnownFileType = sourcecode.c.h; path = "NSObject+PropertySupport.h"; sourceTree = "<group>"; };
		5F909F2610306C0C00EB8FC2 /* NSObject+PropertySupport.m */ = {isa = PBXFileReference; fileEncoding = 4; lastKnownFileType = sourcecode.c.objc; path = "NSObject+PropertySupport.m"; sourceTree = "<group>"; };
		5F909F2710306C0C00EB8FC2 /* NSString+GSub.h */ = {isa = PBXFileReference; fileEncoding = 4; lastKnownFileType = sourcecode.c.h; path = "NSString+GSub.h"; sourceTree = "<group>"; };
		5F909F2810306C0C00EB8FC2 /* NSString+GSub.m */ = {isa = PBXFileReference; fileEncoding = 4; lastKnownFileType = sourcecode.c.objc; path = "NSString+GSub.m"; sourceTree = "<group>"; };
		5F909F2910306C0C00EB8FC2 /* ObjectiveResourceDateFormatter.h */ = {isa = PBXFileReference; fileEncoding = 4; lastKnownFileType = sourcecode.c.h; path = ObjectiveResourceDateFormatter.h; sourceTree = "<group>"; };
		5F909F2A10306C0C00EB8FC2 /* ObjectiveResourceDateFormatter.m */ = {isa = PBXFileReference; fileEncoding = 4; lastKnownFileType = sourcecode.c.objc; path = ObjectiveResourceDateFormatter.m; sourceTree = "<group>"; };
		5F909F2B10306C0C00EB8FC2 /* ObjectiveSupport.h */ = {isa = PBXFileReference; fileEncoding = 4; lastKnownFileType = sourcecode.c.h; path = ObjectiveSupport.h; sourceTree = "<group>"; };
		5F909F2D10306C0C00EB8FC2 /* JSONFramework.h */ = {isa = PBXFileReference; fileEncoding = 4; lastKnownFileType = sourcecode.c.h; path = JSONFramework.h; sourceTree = "<group>"; };
		5F909F2E10306C0C00EB8FC2 /* NSObject+SBJSON.h */ = {isa = PBXFileReference; fileEncoding = 4; lastKnownFileType = sourcecode.c.h; path = "NSObject+SBJSON.h"; sourceTree = "<group>"; };
		5F909F2F10306C0C00EB8FC2 /* NSObject+SBJSON.m */ = {isa = PBXFileReference; fileEncoding = 4; lastKnownFileType = sourcecode.c.objc; path = "NSObject+SBJSON.m"; sourceTree = "<group>"; };
		5F909F3010306C0C00EB8FC2 /* NSString+SBJSON.h */ = {isa = PBXFileReference; fileEncoding = 4; lastKnownFileType = sourcecode.c.h; path = "NSString+SBJSON.h"; sourceTree = "<group>"; };
		5F909F3110306C0C00EB8FC2 /* NSString+SBJSON.m */ = {isa = PBXFileReference; fileEncoding = 4; lastKnownFileType = sourcecode.c.objc; path = "NSString+SBJSON.m"; sourceTree = "<group>"; };
		5F909F3210306C0C00EB8FC2 /* SBJSON.h */ = {isa = PBXFileReference; fileEncoding = 4; lastKnownFileType = sourcecode.c.h; path = SBJSON.h; sourceTree = "<group>"; };
		5F909F3310306C0C00EB8FC2 /* SBJSON.m */ = {isa = PBXFileReference; fileEncoding = 4; lastKnownFileType = sourcecode.c.objc; path = SBJSON.m; sourceTree = "<group>"; };
		5F909F3610306C0C00EB8FC2 /* JSONSerializable.h */ = {isa = PBXFileReference; fileEncoding = 4; lastKnownFileType = sourcecode.c.h; path = JSONSerializable.h; sourceTree = "<group>"; };
		5F909F3710306C0C00EB8FC2 /* JSONSerializableSupport.h */ = {isa = PBXFileReference; fileEncoding = 4; lastKnownFileType = sourcecode.c.h; path = JSONSerializableSupport.h; sourceTree = "<group>"; };
		5F909F3810306C0C00EB8FC2 /* NSArray+JSONSerializableSupport.h */ = {isa = PBXFileReference; fileEncoding = 4; lastKnownFileType = sourcecode.c.h; path = "NSArray+JSONSerializableSupport.h"; sourceTree = "<group>"; };
		5F909F3910306C0C00EB8FC2 /* NSArray+JSONSerializableSupport.m */ = {isa = PBXFileReference; fileEncoding = 4; lastKnownFileType = sourcecode.c.objc; path = "NSArray+JSONSerializableSupport.m"; sourceTree = "<group>"; };
		5F909F3A10306C0C00EB8FC2 /* NSDictionary+JSONSerializableSupport.h */ = {isa = PBXFileReference; fileEncoding = 4; lastKnownFileType = sourcecode.c.h; path = "NSDictionary+JSONSerializableSupport.h"; sourceTree = "<group>"; };
		5F909F3B10306C0C00EB8FC2 /* NSDictionary+JSONSerializableSupport.m */ = {isa = PBXFileReference; fileEncoding = 4; lastKnownFileType = sourcecode.c.objc; path = "NSDictionary+JSONSerializableSupport.m"; sourceTree = "<group>"; };
		5F909F3C10306C0C00EB8FC2 /* NSObject+JSONSerializableSupport.h */ = {isa = PBXFileReference; fileEncoding = 4; lastKnownFileType = sourcecode.c.h; path = "NSObject+JSONSerializableSupport.h"; sourceTree = "<group>"; };
		5F909F3D10306C0C00EB8FC2 /* NSObject+JSONSerializableSupport.m */ = {isa = PBXFileReference; fileEncoding = 4; lastKnownFileType = sourcecode.c.objc; path = "NSObject+JSONSerializableSupport.m"; sourceTree = "<group>"; };
		5F909F3E10306C0C00EB8FC2 /* NSDate+Serialize.h */ = {isa = PBXFileReference; fileEncoding = 4; lastKnownFileType = sourcecode.c.h; path = "NSDate+Serialize.h"; sourceTree = "<group>"; };
		5F909F3F10306C0C00EB8FC2 /* NSDate+Serialize.m */ = {isa = PBXFileReference; fileEncoding = 4; lastKnownFileType = sourcecode.c.objc; path = "NSDate+Serialize.m"; sourceTree = "<group>"; };
		5F909F4010306C0C00EB8FC2 /* NSDictionary+KeyTranslation.h */ = {isa = PBXFileReference; fileEncoding = 4; lastKnownFileType = sourcecode.c.h; path = "NSDictionary+KeyTranslation.h"; sourceTree = "<group>"; };
		5F909F4110306C0C00EB8FC2 /* NSDictionary+KeyTranslation.m */ = {isa = PBXFileReference; fileEncoding = 4; lastKnownFileType = sourcecode.c.objc; path = "NSDictionary+KeyTranslation.m"; sourceTree = "<group>"; };
		5F909F4210306C0C00EB8FC2 /* NSObject+Serialize.h */ = {isa = PBXFileReference; fileEncoding = 4; lastKnownFileType = sourcecode.c.h; path = "NSObject+Serialize.h"; sourceTree = "<group>"; };
		5F909F4310306C0C00EB8FC2 /* NSObject+Serialize.m */ = {isa = PBXFileReference; fileEncoding = 4; lastKnownFileType = sourcecode.c.objc; path = "NSObject+Serialize.m"; sourceTree = "<group>"; };
		5F909F4410306C0C00EB8FC2 /* NSString+Serialize.h */ = {isa = PBXFileReference; fileEncoding = 4; lastKnownFileType = sourcecode.c.h; path = "NSString+Serialize.h"; sourceTree = "<group>"; };
		5F909F4510306C0C00EB8FC2 /* NSString+Serialize.m */ = {isa = PBXFileReference; fileEncoding = 4; lastKnownFileType = sourcecode.c.objc; path = "NSString+Serialize.m"; sourceTree = "<group>"; };
		5F909F4610306C0C00EB8FC2 /* Serialize.h */ = {isa = PBXFileReference; fileEncoding = 4; lastKnownFileType = sourcecode.c.h; path = Serialize.h; sourceTree = "<group>"; };
		5F909F4810306C0C00EB8FC2 /* FromXMLElementDelegate.h */ = {isa = PBXFileReference; fileEncoding = 4; lastKnownFileType = sourcecode.c.h; path = FromXMLElementDelegate.h; sourceTree = "<group>"; };
		5F909F4910306C0C00EB8FC2 /* FromXMLElementDelegate.m */ = {isa = PBXFileReference; fileEncoding = 4; lastKnownFileType = sourcecode.c.objc; path = FromXMLElementDelegate.m; sourceTree = "<group>"; };
		5F909F4A10306C0C00EB8FC2 /* NSArray+XMLSerializableSupport.h */ = {isa = PBXFileReference; fileEncoding = 4; lastKnownFileType = sourcecode.c.h; path = "NSArray+XMLSerializableSupport.h"; sourceTree = "<group>"; };
		5F909F4B10306C0C00EB8FC2 /* NSArray+XMLSerializableSupport.m */ = {isa = PBXFileReference; fileEncoding = 4; lastKnownFileType = sourcecode.c.objc; path = "NSArray+XMLSerializableSupport.m"; sourceTree = "<group>"; };
		5F909F4C10306C0C00EB8FC2 /* NSDate+XMLSerializableSupport.h */ = {isa = PBXFileReference; fileEncoding = 4; lastKnownFileType = sourcecode.c.h; path = "NSDate+XMLSerializableSupport.h"; sourceTree = "<group>"; };
		5F909F4D10306C0C00EB8FC2 /* NSDate+XMLSerializableSupport.m */ = {isa = PBXFileReference; fileEncoding = 4; lastKnownFileType = sourcecode.c.objc; path = "NSDate+XMLSerializableSupport.m"; sourceTree = "<group>"; };
		5F909F4E10306C0C00EB8FC2 /* NSDictionary+XMLSerializableSupport.h */ = {isa = PBXFileReference; fileEncoding = 4; lastKnownFileType = sourcecode.c.h; path = "NSDictionary+XMLSerializableSupport.h"; sourceTree = "<group>"; };
		5F909F4F10306C0C00EB8FC2 /* NSDictionary+XMLSerializableSupport.m */ = {isa = PBXFileReference; fileEncoding = 4; lastKnownFileType = sourcecode.c.objc; path = "NSDictionary+XMLSerializableSupport.m"; sourceTree = "<group>"; };
		5F909F5010306C0C00EB8FC2 /* NSNull+XMLSerializableSupport.h */ = {isa = PBXFileReference; fileEncoding = 4; lastKnownFileType = sourcecode.c.h; path = "NSNull+XMLSerializableSupport.h"; sourceTree = "<group>"; };
		5F909F5110306C0C00EB8FC2 /* NSNull+XMLSerializableSupport.m */ = {isa = PBXFileReference; fileEncoding = 4; lastKnownFileType = sourcecode.c.objc; path = "NSNull+XMLSerializableSupport.m"; sourceTree = "<group>"; };
		5F909F5210306C0C00EB8FC2 /* NSNumber+XMLSerializableSupport.h */ = {isa = PBXFileReference; fileEncoding = 4; lastKnownFileType = sourcecode.c.h; path = "NSNumber+XMLSerializableSupport.h"; sourceTree = "<group>"; };
		5F909F5310306C0C00EB8FC2 /* NSNumber+XMLSerializableSupport.m */ = {isa = PBXFileReference; fileEncoding = 4; lastKnownFileType = sourcecode.c.objc; path = "NSNumber+XMLSerializableSupport.m"; sourceTree = "<group>"; };
		5F909F5410306C0C00EB8FC2 /* NSObject+XMLSerializableSupport.h */ = {isa = PBXFileReference; fileEncoding = 4; lastKnownFileType = sourcecode.c.h; path = "NSObject+XMLSerializableSupport.h"; sourceTree = "<group>"; };
		5F909F5510306C0C00EB8FC2 /* NSObject+XMLSerializableSupport.m */ = {isa = PBXFileReference; fileEncoding = 4; lastKnownFileType = sourcecode.c.objc; path = "NSObject+XMLSerializableSupport.m"; sourceTree = "<group>"; };
		5F909F5610306C0C00EB8FC2 /* NSString+XMLSerializableSupport.h */ = {isa = PBXFileReference; fileEncoding = 4; lastKnownFileType = sourcecode.c.h; path = "NSString+XMLSerializableSupport.h"; sourceTree = "<group>"; };
		5F909F5710306C0C00EB8FC2 /* NSString+XMLSerializableSupport.m */ = {isa = PBXFileReference; fileEncoding = 4; lastKnownFileType = sourcecode.c.objc; path = "NSString+XMLSerializableSupport.m"; sourceTree = "<group>"; };
		5F909F5810306C0C00EB8FC2 /* XMLSerializable.h */ = {isa = PBXFileReference; fileEncoding = 4; lastKnownFileType = sourcecode.c.h; path = XMLSerializable.h; sourceTree = "<group>"; };
		5F909F5910306C0C00EB8FC2 /* XMLSerializableSupport.h */ = {isa = PBXFileReference; fileEncoding = 4; lastKnownFileType = sourcecode.c.h; path = XMLSerializableSupport.h; sourceTree = "<group>"; };
		5F909F5A10306C0C00EB8FC2 /* ObjectiveResource.h */ = {isa = PBXFileReference; fileEncoding = 4; lastKnownFileType = sourcecode.c.h; path = ObjectiveResource.h; sourceTree = "<group>"; };
		5F909F5B10306C0C00EB8FC2 /* ObjectiveResourceConfig.h */ = {isa = PBXFileReference; fileEncoding = 4; lastKnownFileType = sourcecode.c.h; path = ObjectiveResourceConfig.h; sourceTree = "<group>"; };
		5F909F5C10306C0C00EB8FC2 /* ObjectiveResourceConfig.m */ = {isa = PBXFileReference; fileEncoding = 4; lastKnownFileType = sourcecode.c.objc; path = ObjectiveResourceConfig.m; sourceTree = "<group>"; };
		5F909F5D10306C0C00EB8FC2 /* Response.h */ = {isa = PBXFileReference; fileEncoding = 4; lastKnownFileType = sourcecode.c.h; path = Response.h; sourceTree = "<group>"; };
		5F909F5E10306C0C00EB8FC2 /* Response.m */ = {isa = PBXFileReference; fileEncoding = 4; lastKnownFileType = sourcecode.c.objc; path = Response.m; sourceTree = "<group>"; };
		5F90A0A410307FE000EB8FC2 /* lentme_lit.png */ = {isa = PBXFileReference; lastKnownFileType = image.png; path = lentme_lit.png; sourceTree = "<group>"; };
		5F90A0A510307FE000EB8FC2 /* lentme_unlit.png */ = {isa = PBXFileReference; lastKnownFileType = image.png; path = lentme_unlit.png; sourceTree = "<group>"; };
		5F90A0CA10308FAC00EB8FC2 /* borrowed_lit.png */ = {isa = PBXFileReference; lastKnownFileType = image.png; path = borrowed_lit.png; sourceTree = "<group>"; };
		5F90A0CB10308FAC00EB8FC2 /* borrowed_unlit.png */ = {isa = PBXFileReference; lastKnownFileType = image.png; path = borrowed_unlit.png; sourceTree = "<group>"; };
		5F90A10C103097CE00EB8FC2 /* clock.png */ = {isa = PBXFileReference; lastKnownFileType = image.png; path = clock.png; sourceTree = "<group>"; };
		5F925DDD102BBFBD005AC101 /* transaction_background.png */ = {isa = PBXFileReference; lastKnownFileType = image.png; path = transaction_background.png; sourceTree = "<group>"; };
		5F925DDE102BBFBD005AC101 /* transaction_contactsbutton.png */ = {isa = PBXFileReference; lastKnownFileType = image.png; path = transaction_contactsbutton.png; sourceTree = "<group>"; };
		5F925DDF102BBFBD005AC101 /* transaction_submit.png */ = {isa = PBXFileReference; lastKnownFileType = image.png; path = transaction_submit.png; sourceTree = "<group>"; };
		5F925DE5102BC4F1005AC101 /* SettingsViewController.h */ = {isa = PBXFileReference; fileEncoding = 4; lastKnownFileType = sourcecode.c.h; path = SettingsViewController.h; sourceTree = "<group>"; };
		5F925DE6102BC4F1005AC101 /* SettingsViewController.m */ = {isa = PBXFileReference; fileEncoding = 4; lastKnownFileType = sourcecode.c.objc; path = SettingsViewController.m; sourceTree = "<group>"; };
		5F925DE9102BC650005AC101 /* SettingsView.xib */ = {isa = PBXFileReference; lastKnownFileType = file.xib; path = SettingsView.xib; sourceTree = "<group>"; };
		5F925E07102BCA89005AC101 /* sign_out.png */ = {isa = PBXFileReference; lastKnownFileType = image.png; path = sign_out.png; sourceTree = "<group>"; };
		5FAD5579102AA5E6000B5D28 /* borrowed_1.png */ = {isa = PBXFileReference; lastKnownFileType = image.png; path = borrowed_1.png; sourceTree = "<group>"; };
		5FAD557A102AA5E6000B5D28 /* balance_bars.png */ = {isa = PBXFileReference; lastKnownFileType = image.png; path = balance_bars.png; sourceTree = "<group>"; };
		5FAD557B102AA5E6000B5D28 /* gear_30.png */ = {isa = PBXFileReference; lastKnownFileType = image.png; path = gear_30.png; sourceTree = "<group>"; };
		5FAD557C102AA5E6000B5D28 /* lentme2.png */ = {isa = PBXFileReference; lastKnownFileType = image.png; path = lentme2.png; sourceTree = "<group>"; };
		5FAD557D102AA5E6000B5D28 /* new.png */ = {isa = PBXFileReference; lastKnownFileType = image.png; path = new.png; sourceTree = "<group>"; };
		5FAD558F102AA82C000B5D28 /* LoginViewController.h */ = {isa = PBXFileReference; fileEncoding = 4; lastKnownFileType = sourcecode.c.h; path = LoginViewController.h; sourceTree = "<group>"; };
		5FAD5590102AA82C000B5D28 /* LoginViewController.m */ = {isa = PBXFileReference; fileEncoding = 4; lastKnownFileType = sourcecode.c.objc; path = LoginViewController.m; sourceTree = "<group>"; };
		5FAD55A5102AAA11000B5D28 /* LoginView.xib */ = {isa = PBXFileReference; lastKnownFileType = file.xib; path = LoginView.xib; sourceTree = "<group>"; };
		5FAD55A9102AAAB7000B5D28 /* BalancesNavController.h */ = {isa = PBXFileReference; fileEncoding = 4; lastKnownFileType = sourcecode.c.h; path = BalancesNavController.h; sourceTree = "<group>"; };
		5FAD55AA102AAAB7000B5D28 /* BalancesNavController.m */ = {isa = PBXFileReference; fileEncoding = 4; lastKnownFileType = sourcecode.c.objc; path = BalancesNavController.m; sourceTree = "<group>"; };
		5FAD55C8102AABE6000B5D28 /* BalancesTableView.xib */ = {isa = PBXFileReference; lastKnownFileType = file.xib; path = BalancesTableView.xib; sourceTree = "<group>"; };
		5FAD55CA102AABFD000B5D28 /* BalancesTableViewController.h */ = {isa = PBXFileReference; fileEncoding = 4; lastKnownFileType = sourcecode.c.h; path = BalancesTableViewController.h; sourceTree = "<group>"; };
		5FAD55CB102AABFD000B5D28 /* BalancesTableViewController.m */ = {isa = PBXFileReference; fileEncoding = 4; lastKnownFileType = sourcecode.c.objc; path = BalancesTableViewController.m; sourceTree = "<group>"; };
		5FAD5617102AB10B000B5D28 /* TransactionsTableViewController.h */ = {isa = PBXFileReference; fileEncoding = 4; lastKnownFileType = sourcecode.c.h; path = TransactionsTableViewController.h; sourceTree = "<group>"; };
		5FAD5618102AB10B000B5D28 /* TransactionsTableViewController.m */ = {isa = PBXFileReference; fileEncoding = 4; lastKnownFileType = sourcecode.c.objc; path = TransactionsTableViewController.m; sourceTree = "<group>"; };
		5FAD5637102AB2B9000B5D28 /* TransactionsTableView.xib */ = {isa = PBXFileReference; lastKnownFileType = file.xib; path = TransactionsTableView.xib; sourceTree = "<group>"; };
		5FAD5742102AB8B2000B5D28 /* Balance.h */ = {isa = PBXFileReference; fileEncoding = 4; lastKnownFileType = sourcecode.c.h; path = Balance.h; sourceTree = "<group>"; };
		5FAD5743102AB8B2000B5D28 /* Balance.m */ = {isa = PBXFileReference; fileEncoding = 4; lastKnownFileType = sourcecode.c.objc; path = Balance.m; sourceTree = "<group>"; };
		5FAD57A2102AC38D000B5D28 /* BalancesTableCell.h */ = {isa = PBXFileReference; fileEncoding = 4; lastKnownFileType = sourcecode.c.h; path = BalancesTableCell.h; sourceTree = "<group>"; };
		5FAD57A3102AC38D000B5D28 /* BalancesTableCell.m */ = {isa = PBXFileReference; fileEncoding = 4; lastKnownFileType = sourcecode.c.objc; path = BalancesTableCell.m; sourceTree = "<group>"; };
		5FAD57F8102B226B000B5D28 /* NewTransactionViewController.h */ = {isa = PBXFileReference; fileEncoding = 4; lastKnownFileType = sourcecode.c.h; path = NewTransactionViewController.h; sourceTree = "<group>"; };
		5FAD57F9102B226B000B5D28 /* NewTransactionViewController.m */ = {isa = PBXFileReference; fileEncoding = 4; lastKnownFileType = sourcecode.c.objc; path = NewTransactionViewController.m; sourceTree = "<group>"; };
		5FAD57FB102B2279000B5D28 /* NewTransactionView.xib */ = {isa = PBXFileReference; lastKnownFileType = file.xib; path = NewTransactionView.xib; sourceTree = "<group>"; };
		5FAD5805102B2487000B5D28 /* Transaction.h */ = {isa = PBXFileReference; fileEncoding = 4; lastKnownFileType = sourcecode.c.h; path = Transaction.h; sourceTree = "<group>"; };
		5FAD5806102B2487000B5D28 /* Transaction.m */ = {isa = PBXFileReference; fileEncoding = 4; lastKnownFileType = sourcecode.c.objc; path = Transaction.m; sourceTree = "<group>"; };
		5FAD5BC4102B4D9A000B5D28 /* UserPickerView.xib */ = {isa = PBXFileReference; lastKnownFileType = file.xib; path = UserPickerView.xib; sourceTree = "<group>"; };
		5FAD5BC9102B4EFA000B5D28 /* Email.h */ = {isa = PBXFileReference; fileEncoding = 4; lastKnownFileType = sourcecode.c.h; path = Email.h; sourceTree = "<group>"; };
		5FAD5BCA102B4EFA000B5D28 /* Email.m */ = {isa = PBXFileReference; fileEncoding = 4; lastKnownFileType = sourcecode.c.objc; path = Email.m; sourceTree = "<group>"; };
		5FAD5DCD102B640F000B5D28 /* login_background.png */ = {isa = PBXFileReference; lastKnownFileType = image.png; path = login_background.png; sourceTree = "<group>"; };
		5FAD5DD0102B6478000B5D28 /* sign_in.png */ = {isa = PBXFileReference; lastKnownFileType = image.png; path = sign_in.png; sourceTree = "<group>"; };
		5FAD5EB5102B767F000B5D28 /* checked.png */ = {isa = PBXFileReference; lastKnownFileType = image.png; path = checked.png; sourceTree = "<group>"; };
		5FAD5EB6102B767F000B5D28 /* unchecked.png */ = {isa = PBXFileReference; lastKnownFileType = image.png; path = unchecked.png; sourceTree = "<group>"; };
		5FB670671030C7F5007E804E /* sign_out2.png */ = {isa = PBXFileReference; lastKnownFileType = image.png; path = sign_out2.png; sourceTree = "<group>"; };
		642396491153DBE100250C75 /* new_transaction_background.png */ = {isa = PBXFileReference; lastKnownFileType = image.png; path = new_transaction_background.png; sourceTree = "<group>"; };
		646780A411489146007C7DD5 /* sign_in_background.png */ = {isa = PBXFileReference; lastKnownFileType = image.png; path = sign_in_background.png; sourceTree = "<group>"; };
		646780B01148925B007C7DD5 /* SLS_Logo.png */ = {isa = PBXFileReference; lastKnownFileType = image.png; path = SLS_Logo.png; sourceTree = "<group>"; };
		646780B41148929C007C7DD5 /* lentme_unlit_checked.png */ = {isa = PBXFileReference; lastKnownFileType = image.png; path = lentme_unlit_checked.png; sourceTree = "<group>"; };
		646780B6114892A3007C7DD5 /* borrowed_unlit_checked.png */ = {isa = PBXFileReference; lastKnownFileType = image.png; path = borrowed_unlit_checked.png; sourceTree = "<group>"; };
		646780B8114892AF007C7DD5 /* add_image_camera.png */ = {isa = PBXFileReference; lastKnownFileType = image.png; path = add_image_camera.png; sourceTree = "<group>"; };
		64A2F9F11157F00200351320 /* UserPickerViewController.h */ = {isa = PBXFileReference; fileEncoding = 4; lastKnownFileType = sourcecode.c.h; path = UserPickerViewController.h; sourceTree = "<group>"; };
		64A2F9F21157F00200351320 /* UserPickerViewController.m */ = {isa = PBXFileReference; fileEncoding = 4; lastKnownFileType = sourcecode.c.objc; path = UserPickerViewController.m; sourceTree = "<group>"; };
		64A2FA151157F24100351320 /* nom_icon_01.png */ = {isa = PBXFileReference; lastKnownFileType = image.png; path = nom_icon_01.png; sourceTree = "<group>"; };
		8D1107310486CEB800E47090 /* Info.plist */ = {isa = PBXFileReference; fileEncoding = 4; lastKnownFileType = text.plist.xml; path = Info.plist; sourceTree = "<group>"; };
/* End PBXFileReference section */

/* Begin PBXFrameworksBuildPhase section */
		1D60588F0D05DD3D006BFB54 /* Frameworks */ = {
			isa = PBXFrameworksBuildPhase;
			buildActionMask = 2147483647;
			files = (
				1D60589F0D05DD5A006BFB54 /* Foundation.framework in Frameworks */,
				1DF5F4E00D08C38300B7A737 /* UIKit.framework in Frameworks */,
				288765FD0DF74451002DB57D /* CoreGraphics.framework in Frameworks */,
			);
			runOnlyForDeploymentPostprocessing = 0;
		};
/* End PBXFrameworksBuildPhase section */

/* Begin PBXGroup section */
		080E96DDFE201D6D7F000001 /* Classes */ = {
			isa = PBXGroup;
			children = (
				64A2F9F11157F00200351320 /* UserPickerViewController.h */,
				64A2F9F21157F00200351320 /* UserPickerViewController.m */,
				5F909F0E10306C0C00EB8FC2 /* lib */,
				5FAD57A2102AC38D000B5D28 /* BalancesTableCell.h */,
				5FAD57A3102AC38D000B5D28 /* BalancesTableCell.m */,
				1D3623240D0F684500981E51 /* NomTrackerAppDelegate.h */,
				1D3623250D0F684500981E51 /* NomTrackerAppDelegate.m */,
				5FAD55A9102AAAB7000B5D28 /* BalancesNavController.h */,
				5FAD55AA102AAAB7000B5D28 /* BalancesNavController.m */,
				5FAD558F102AA82C000B5D28 /* LoginViewController.h */,
				5FAD5590102AA82C000B5D28 /* LoginViewController.m */,
				5FAD55CA102AABFD000B5D28 /* BalancesTableViewController.h */,
				5FAD55CB102AABFD000B5D28 /* BalancesTableViewController.m */,
				5FAD5617102AB10B000B5D28 /* TransactionsTableViewController.h */,
				5FAD5618102AB10B000B5D28 /* TransactionsTableViewController.m */,
				5FAD5742102AB8B2000B5D28 /* Balance.h */,
				5FAD5743102AB8B2000B5D28 /* Balance.m */,
				5FAD57F8102B226B000B5D28 /* NewTransactionViewController.h */,
				5FAD57F9102B226B000B5D28 /* NewTransactionViewController.m */,
				5FAD5805102B2487000B5D28 /* Transaction.h */,
				5FAD5806102B2487000B5D28 /* Transaction.m */,
				5FAD5BC9102B4EFA000B5D28 /* Email.h */,
				5FAD5BCA102B4EFA000B5D28 /* Email.m */,
				5F925DE5102BC4F1005AC101 /* SettingsViewController.h */,
				5F925DE6102BC4F1005AC101 /* SettingsViewController.m */,
				5F14E974102CEB5200495EA1 /* TransactionDetailViewController.h */,
				5F14E975102CEB5200495EA1 /* TransactionDetailViewController.m */,
			);
			path = Classes;
			sourceTree = "<group>";
		};
		19C28FACFE9D520D11CA2CBB /* Products */ = {
			isa = PBXGroup;
			children = (
				1D6058910D05DD3D006BFB54 /* NomTracker.app */,
			);
			name = Products;
			sourceTree = "<group>";
		};
		29B97314FDCFA39411CA2CEA /* CustomTemplate */ = {
			isa = PBXGroup;
			children = (
				080E96DDFE201D6D7F000001 /* Classes */,
				29B97315FDCFA39411CA2CEA /* Other Sources */,
				29B97317FDCFA39411CA2CEA /* Resources */,
				29B97323FDCFA39411CA2CEA /* Frameworks */,
				19C28FACFE9D520D11CA2CBB /* Products */,
			);
			name = CustomTemplate;
			sourceTree = "<group>";
		};
		29B97315FDCFA39411CA2CEA /* Other Sources */ = {
			isa = PBXGroup;
			children = (
				32CA4F630368D1EE00C91783 /* NomTracker_Prefix.pch */,
				29B97316FDCFA39411CA2CEA /* main.m */,
			);
			name = "Other Sources";
			sourceTree = "<group>";
		};
		29B97317FDCFA39411CA2CEA /* Resources */ = {
			isa = PBXGroup;
			children = (
				5F14E9A6102CF8DA00495EA1 /* Images */,
				28AD733E0D9D9553002E5188 /* MainWindow.xib */,
				8D1107310486CEB800E47090 /* Info.plist */,
				5FAD55A5102AAA11000B5D28 /* LoginView.xib */,
				5FAD55C8102AABE6000B5D28 /* BalancesTableView.xib */,
				5FAD5637102AB2B9000B5D28 /* TransactionsTableView.xib */,
				5FAD57FB102B2279000B5D28 /* NewTransactionView.xib */,
				5FAD5BC4102B4D9A000B5D28 /* UserPickerView.xib */,
				5F925DE9102BC650005AC101 /* SettingsView.xib */,
				5F14E995102CEEE700495EA1 /* TransactionDetailView.xib */,
				5F14EA26102D2B3C00495EA1 /* DatePickerView.xib */,
			);
			name = Resources;
			sourceTree = "<group>";
		};
		29B97323FDCFA39411CA2CEA /* Frameworks */ = {
			isa = PBXGroup;
			children = (
				1DF5F4DF0D08C38300B7A737 /* UIKit.framework */,
				1D30AB110D05D00D00671497 /* Foundation.framework */,
				288765FC0DF74451002DB57D /* CoreGraphics.framework */,
			);
			name = Frameworks;
			sourceTree = "<group>";
		};
		5F14E9A6102CF8DA00495EA1 /* Images */ = {
			isa = PBXGroup;
			children = (
				64A2FA151157F24100351320 /* nom_icon_01.png */,
				642396491153DBE100250C75 /* new_transaction_background.png */,
				646780B8114892AF007C7DD5 /* add_image_camera.png */,
				646780B6114892A3007C7DD5 /* borrowed_unlit_checked.png */,
				646780B41148929C007C7DD5 /* lentme_unlit_checked.png */,
				646780B01148925B007C7DD5 /* SLS_Logo.png */,
				646780A411489146007C7DD5 /* sign_in_background.png */,
				5FB670671030C7F5007E804E /* sign_out2.png */,
				5F90A10C103097CE00EB8FC2 /* clock.png */,
				5F90A0CA10308FAC00EB8FC2 /* borrowed_lit.png */,
				5F90A0CB10308FAC00EB8FC2 /* borrowed_unlit.png */,
				5F90A0A410307FE000EB8FC2 /* lentme_lit.png */,
				5F90A0A510307FE000EB8FC2 /* lentme_unlit.png */,
				5F925E07102BCA89005AC101 /* sign_out.png */,
				5F925DDD102BBFBD005AC101 /* transaction_background.png */,
				5F925DDE102BBFBD005AC101 /* transaction_contactsbutton.png */,
				5F925DDF102BBFBD005AC101 /* transaction_submit.png */,
				5FAD5EB5102B767F000B5D28 /* checked.png */,
				5FAD5EB6102B767F000B5D28 /* unchecked.png */,
				5FAD5DD0102B6478000B5D28 /* sign_in.png */,
				5FAD5DCD102B640F000B5D28 /* login_background.png */,
				5FAD5579102AA5E6000B5D28 /* borrowed_1.png */,
				5FAD557A102AA5E6000B5D28 /* balance_bars.png */,
				5FAD557B102AA5E6000B5D28 /* gear_30.png */,
				5FAD557C102AA5E6000B5D28 /* lentme2.png */,
				5FAD557D102AA5E6000B5D28 /* new.png */,
			);
			name = Images;
			sourceTree = "<group>";
		};
		5F909F0E10306C0C00EB8FC2 /* lib */ = {
			isa = PBXGroup;
			children = (
				5F909F0F10306C0C00EB8FC2 /* Connection.h */,
				5F909F1010306C0C00EB8FC2 /* Connection.m */,
				5F909F1110306C0C00EB8FC2 /* ConnectionDelegate.h */,
				5F909F1210306C0C00EB8FC2 /* ConnectionDelegate.m */,
				5F909F1310306C0C00EB8FC2 /* ConnectionManager.h */,
				5F909F1410306C0C00EB8FC2 /* ConnectionManager.m */,
				5F909F1510306C0C00EB8FC2 /* NSError+Error.h */,
				5F909F1610306C0C00EB8FC2 /* NSError+Error.m */,
				5F909F1710306C0C00EB8FC2 /* NSHTTPURLResponse+Error.h */,
				5F909F1810306C0C00EB8FC2 /* NSHTTPURLResponse+Error.m */,
				5F909F1910306C0C00EB8FC2 /* NSMutableURLRequest+ResponseType.h */,
				5F909F1A10306C0C00EB8FC2 /* NSMutableURLRequest+ResponseType.m */,
				5F909F1B10306C0C00EB8FC2 /* NSObject+ObjectiveResource.h */,
				5F909F1C10306C0C00EB8FC2 /* NSObject+ObjectiveResource.m */,
				5F909F1D10306C0C00EB8FC2 /* objective_support */,
				5F909F5A10306C0C00EB8FC2 /* ObjectiveResource.h */,
				5F909F5B10306C0C00EB8FC2 /* ObjectiveResourceConfig.h */,
				5F909F5C10306C0C00EB8FC2 /* ObjectiveResourceConfig.m */,
				5F909F5D10306C0C00EB8FC2 /* Response.h */,
				5F909F5E10306C0C00EB8FC2 /* Response.m */,
			);
			path = lib;
			sourceTree = "<group>";
		};
		5F909F1D10306C0C00EB8FC2 /* objective_support */ = {
			isa = PBXGroup;
			children = (
				5F909F1E10306C0C00EB8FC2 /* Core */,
				5F909F2C10306C0C00EB8FC2 /* json-framework */,
				5F909F3410306C0C00EB8FC2 /* Serialization */,
			);
			path = objective_support;
			sourceTree = "<group>";
		};
		5F909F1E10306C0C00EB8FC2 /* Core */ = {
			isa = PBXGroup;
			children = (
				5F909F1F10306C0C00EB8FC2 /* CoreSupport.h */,
				5F909F2010306C0C00EB8FC2 /* Inflections */,
				5F909F2310306C0C00EB8FC2 /* NSData+Additions.h */,
				5F909F2410306C0C00EB8FC2 /* NSData+Additions.m */,
				5F909F2510306C0C00EB8FC2 /* NSObject+PropertySupport.h */,
				5F909F2610306C0C00EB8FC2 /* NSObject+PropertySupport.m */,
				5F909F2710306C0C00EB8FC2 /* NSString+GSub.h */,
				5F909F2810306C0C00EB8FC2 /* NSString+GSub.m */,
				5F909F2910306C0C00EB8FC2 /* ObjectiveResourceDateFormatter.h */,
				5F909F2A10306C0C00EB8FC2 /* ObjectiveResourceDateFormatter.m */,
				5F909F2B10306C0C00EB8FC2 /* ObjectiveSupport.h */,
			);
			path = Core;
			sourceTree = "<group>";
		};
		5F909F2010306C0C00EB8FC2 /* Inflections */ = {
			isa = PBXGroup;
			children = (
				5F909F2110306C0C00EB8FC2 /* NSString+InflectionSupport.h */,
				5F909F2210306C0C00EB8FC2 /* NSString+InflectionSupport.m */,
			);
			path = Inflections;
			sourceTree = "<group>";
		};
		5F909F2C10306C0C00EB8FC2 /* json-framework */ = {
			isa = PBXGroup;
			children = (
				5F909F2D10306C0C00EB8FC2 /* JSONFramework.h */,
				5F909F2E10306C0C00EB8FC2 /* NSObject+SBJSON.h */,
				5F909F2F10306C0C00EB8FC2 /* NSObject+SBJSON.m */,
				5F909F3010306C0C00EB8FC2 /* NSString+SBJSON.h */,
				5F909F3110306C0C00EB8FC2 /* NSString+SBJSON.m */,
				5F909F3210306C0C00EB8FC2 /* SBJSON.h */,
				5F909F3310306C0C00EB8FC2 /* SBJSON.m */,
			);
			path = "json-framework";
			sourceTree = "<group>";
		};
		5F909F3410306C0C00EB8FC2 /* Serialization */ = {
			isa = PBXGroup;
			children = (
				5F909F3510306C0C00EB8FC2 /* JSON */,
				5F909F3E10306C0C00EB8FC2 /* NSDate+Serialize.h */,
				5F909F3F10306C0C00EB8FC2 /* NSDate+Serialize.m */,
				5F909F4010306C0C00EB8FC2 /* NSDictionary+KeyTranslation.h */,
				5F909F4110306C0C00EB8FC2 /* NSDictionary+KeyTranslation.m */,
				5F909F4210306C0C00EB8FC2 /* NSObject+Serialize.h */,
				5F909F4310306C0C00EB8FC2 /* NSObject+Serialize.m */,
				5F909F4410306C0C00EB8FC2 /* NSString+Serialize.h */,
				5F909F4510306C0C00EB8FC2 /* NSString+Serialize.m */,
				5F909F4610306C0C00EB8FC2 /* Serialize.h */,
				5F909F4710306C0C00EB8FC2 /* XML */,
			);
			path = Serialization;
			sourceTree = "<group>";
		};
		5F909F3510306C0C00EB8FC2 /* JSON */ = {
			isa = PBXGroup;
			children = (
				5F909F3610306C0C00EB8FC2 /* JSONSerializable.h */,
				5F909F3710306C0C00EB8FC2 /* JSONSerializableSupport.h */,
				5F909F3810306C0C00EB8FC2 /* NSArray+JSONSerializableSupport.h */,
				5F909F3910306C0C00EB8FC2 /* NSArray+JSONSerializableSupport.m */,
				5F909F3A10306C0C00EB8FC2 /* NSDictionary+JSONSerializableSupport.h */,
				5F909F3B10306C0C00EB8FC2 /* NSDictionary+JSONSerializableSupport.m */,
				5F909F3C10306C0C00EB8FC2 /* NSObject+JSONSerializableSupport.h */,
				5F909F3D10306C0C00EB8FC2 /* NSObject+JSONSerializableSupport.m */,
			);
			path = JSON;
			sourceTree = "<group>";
		};
		5F909F4710306C0C00EB8FC2 /* XML */ = {
			isa = PBXGroup;
			children = (
				5F909F4810306C0C00EB8FC2 /* FromXMLElementDelegate.h */,
				5F909F4910306C0C00EB8FC2 /* FromXMLElementDelegate.m */,
				5F909F4A10306C0C00EB8FC2 /* NSArray+XMLSerializableSupport.h */,
				5F909F4B10306C0C00EB8FC2 /* NSArray+XMLSerializableSupport.m */,
				5F909F4C10306C0C00EB8FC2 /* NSDate+XMLSerializableSupport.h */,
				5F909F4D10306C0C00EB8FC2 /* NSDate+XMLSerializableSupport.m */,
				5F909F4E10306C0C00EB8FC2 /* NSDictionary+XMLSerializableSupport.h */,
				5F909F4F10306C0C00EB8FC2 /* NSDictionary+XMLSerializableSupport.m */,
				5F909F5010306C0C00EB8FC2 /* NSNull+XMLSerializableSupport.h */,
				5F909F5110306C0C00EB8FC2 /* NSNull+XMLSerializableSupport.m */,
				5F909F5210306C0C00EB8FC2 /* NSNumber+XMLSerializableSupport.h */,
				5F909F5310306C0C00EB8FC2 /* NSNumber+XMLSerializableSupport.m */,
				5F909F5410306C0C00EB8FC2 /* NSObject+XMLSerializableSupport.h */,
				5F909F5510306C0C00EB8FC2 /* NSObject+XMLSerializableSupport.m */,
				5F909F5610306C0C00EB8FC2 /* NSString+XMLSerializableSupport.h */,
				5F909F5710306C0C00EB8FC2 /* NSString+XMLSerializableSupport.m */,
				5F909F5810306C0C00EB8FC2 /* XMLSerializable.h */,
				5F909F5910306C0C00EB8FC2 /* XMLSerializableSupport.h */,
			);
			path = XML;
			sourceTree = "<group>";
		};
/* End PBXGroup section */

/* Begin PBXNativeTarget section */
		1D6058900D05DD3D006BFB54 /* NomTracker */ = {
			isa = PBXNativeTarget;
			buildConfigurationList = 1D6058960D05DD3E006BFB54 /* Build configuration list for PBXNativeTarget "NomTracker" */;
			buildPhases = (
				1D60588D0D05DD3D006BFB54 /* Resources */,
				1D60588E0D05DD3D006BFB54 /* Sources */,
				1D60588F0D05DD3D006BFB54 /* Frameworks */,
			);
			buildRules = (
			);
			dependencies = (
			);
			name = NomTracker;
			productName = NomTracker;
			productReference = 1D6058910D05DD3D006BFB54 /* NomTracker.app */;
			productType = "com.apple.product-type.application";
		};
/* End PBXNativeTarget section */

/* Begin PBXProject section */
		29B97313FDCFA39411CA2CEA /* Project object */ = {
			isa = PBXProject;
			buildConfigurationList = C01FCF4E08A954540054247B /* Build configuration list for PBXProject "NomTracker" */;
			compatibilityVersion = "Xcode 3.1";
			hasScannedForEncodings = 1;
			mainGroup = 29B97314FDCFA39411CA2CEA /* CustomTemplate */;
			projectDirPath = "";
			projectRoot = "";
			targets = (
				1D6058900D05DD3D006BFB54 /* NomTracker */,
			);
		};
/* End PBXProject section */

/* Begin PBXResourcesBuildPhase section */
		1D60588D0D05DD3D006BFB54 /* Resources */ = {
			isa = PBXResourcesBuildPhase;
			buildActionMask = 2147483647;
			files = (
				28AD733F0D9D9553002E5188 /* MainWindow.xib in Resources */,
				5FAD557E102AA5E6000B5D28 /* borrowed_1.png in Resources */,
				5FAD557F102AA5E6000B5D28 /* balance_bars.png in Resources */,
				5FAD5580102AA5E6000B5D28 /* gear_30.png in Resources */,
				5FAD5581102AA5E6000B5D28 /* lentme2.png in Resources */,
				5FAD5582102AA5E6000B5D28 /* new.png in Resources */,
				5FAD55A6102AAA11000B5D28 /* LoginView.xib in Resources */,
				5FAD55C9102AABE6000B5D28 /* BalancesTableView.xib in Resources */,
				5FAD5638102AB2B9000B5D28 /* TransactionsTableView.xib in Resources */,
				5FAD57FC102B2279000B5D28 /* NewTransactionView.xib in Resources */,
				5FAD5BC5102B4D9A000B5D28 /* UserPickerView.xib in Resources */,
				5FAD5DCE102B640F000B5D28 /* login_background.png in Resources */,
				5FAD5DD1102B6478000B5D28 /* sign_in.png in Resources */,
				5FAD5EB7102B767F000B5D28 /* checked.png in Resources */,
				5FAD5EB8102B767F000B5D28 /* unchecked.png in Resources */,
				5F925DE0102BBFBD005AC101 /* transaction_background.png in Resources */,
				5F925DE1102BBFBD005AC101 /* transaction_contactsbutton.png in Resources */,
				5F925DE2102BBFBD005AC101 /* transaction_submit.png in Resources */,
				5F925DEA102BC650005AC101 /* SettingsView.xib in Resources */,
				5F925E08102BCA89005AC101 /* sign_out.png in Resources */,
				5F14E996102CEEE700495EA1 /* TransactionDetailView.xib in Resources */,
				5F14EA27102D2B3C00495EA1 /* DatePickerView.xib in Resources */,
				5F90A0A610307FE000EB8FC2 /* lentme_lit.png in Resources */,
				5F90A0A710307FE000EB8FC2 /* lentme_unlit.png in Resources */,
				5F90A0CC10308FAC00EB8FC2 /* borrowed_lit.png in Resources */,
				5F90A0CD10308FAC00EB8FC2 /* borrowed_unlit.png in Resources */,
				5F90A10D103097CE00EB8FC2 /* clock.png in Resources */,
				5FB670681030C7F5007E804E /* sign_out2.png in Resources */,
				646780A511489146007C7DD5 /* sign_in_background.png in Resources */,
				646780B11148925B007C7DD5 /* SLS_Logo.png in Resources */,
				646780B51148929C007C7DD5 /* lentme_unlit_checked.png in Resources */,
				646780B7114892A3007C7DD5 /* borrowed_unlit_checked.png in Resources */,
				646780B9114892AF007C7DD5 /* add_image_camera.png in Resources */,
				6423964A1153DBE100250C75 /* new_transaction_background.png in Resources */,
				64A2FA161157F24100351320 /* nom_icon_01.png in Resources */,
			);
			runOnlyForDeploymentPostprocessing = 0;
		};
/* End PBXResourcesBuildPhase section */

/* Begin PBXSourcesBuildPhase section */
		1D60588E0D05DD3D006BFB54 /* Sources */ = {
			isa = PBXSourcesBuildPhase;
			buildActionMask = 2147483647;
			files = (
				1D60589B0D05DD56006BFB54 /* main.m in Sources */,
				1D3623260D0F684500981E51 /* NomTrackerAppDelegate.m in Sources */,
				5FAD5591102AA82C000B5D28 /* LoginViewController.m in Sources */,
				5FAD55AB102AAAB7000B5D28 /* BalancesNavController.m in Sources */,
				5FAD55CC102AABFD000B5D28 /* BalancesTableViewController.m in Sources */,
				5FAD5619102AB10B000B5D28 /* TransactionsTableViewController.m in Sources */,
				5FAD5744102AB8B2000B5D28 /* Balance.m in Sources */,
				5FAD57A4102AC38D000B5D28 /* BalancesTableCell.m in Sources */,
				5FAD57FA102B226B000B5D28 /* NewTransactionViewController.m in Sources */,
				5FAD5807102B2487000B5D28 /* Transaction.m in Sources */,
				5FAD5BCB102B4EFA000B5D28 /* Email.m in Sources */,
				5F925DE7102BC4F1005AC101 /* SettingsViewController.m in Sources */,
				5F14E976102CEB5200495EA1 /* TransactionDetailViewController.m in Sources */,
				5F909F5F10306C0C00EB8FC2 /* Connection.m in Sources */,
				5F909F6010306C0C00EB8FC2 /* ConnectionDelegate.m in Sources */,
				5F909F6110306C0C00EB8FC2 /* ConnectionManager.m in Sources */,
				5F909F6210306C0C00EB8FC2 /* NSError+Error.m in Sources */,
				5F909F6310306C0C00EB8FC2 /* NSHTTPURLResponse+Error.m in Sources */,
				5F909F6410306C0C00EB8FC2 /* NSMutableURLRequest+ResponseType.m in Sources */,
				5F909F6510306C0C00EB8FC2 /* NSObject+ObjectiveResource.m in Sources */,
				5F909F6610306C0C00EB8FC2 /* NSString+InflectionSupport.m in Sources */,
				5F909F6710306C0C00EB8FC2 /* NSData+Additions.m in Sources */,
				5F909F6810306C0C00EB8FC2 /* NSObject+PropertySupport.m in Sources */,
				5F909F6910306C0C00EB8FC2 /* NSString+GSub.m in Sources */,
				5F909F6A10306C0C00EB8FC2 /* ObjectiveResourceDateFormatter.m in Sources */,
				5F909F6B10306C0C00EB8FC2 /* NSObject+SBJSON.m in Sources */,
				5F909F6C10306C0C00EB8FC2 /* NSString+SBJSON.m in Sources */,
				5F909F6D10306C0C00EB8FC2 /* SBJSON.m in Sources */,
				5F909F6E10306C0C00EB8FC2 /* NSArray+JSONSerializableSupport.m in Sources */,
				5F909F6F10306C0C00EB8FC2 /* NSDictionary+JSONSerializableSupport.m in Sources */,
				5F909F7010306C0C00EB8FC2 /* NSObject+JSONSerializableSupport.m in Sources */,
				5F909F7110306C0C00EB8FC2 /* NSDate+Serialize.m in Sources */,
				5F909F7210306C0C00EB8FC2 /* NSDictionary+KeyTranslation.m in Sources */,
				5F909F7310306C0C00EB8FC2 /* NSObject+Serialize.m in Sources */,
				5F909F7410306C0C00EB8FC2 /* NSString+Serialize.m in Sources */,
				5F909F7510306C0C00EB8FC2 /* FromXMLElementDelegate.m in Sources */,
				5F909F7610306C0C00EB8FC2 /* NSArray+XMLSerializableSupport.m in Sources */,
				5F909F7710306C0C00EB8FC2 /* NSDate+XMLSerializableSupport.m in Sources */,
				5F909F7810306C0C00EB8FC2 /* NSDictionary+XMLSerializableSupport.m in Sources */,
				5F909F7910306C0C00EB8FC2 /* NSNull+XMLSerializableSupport.m in Sources */,
				5F909F7A10306C0C00EB8FC2 /* NSNumber+XMLSerializableSupport.m in Sources */,
				5F909F7B10306C0C00EB8FC2 /* NSObject+XMLSerializableSupport.m in Sources */,
				5F909F7C10306C0C00EB8FC2 /* NSString+XMLSerializableSupport.m in Sources */,
				5F909F7D10306C0C00EB8FC2 /* ObjectiveResourceConfig.m in Sources */,
				5F909F7E10306C0C00EB8FC2 /* Response.m in Sources */,
				64A2F9F31157F00200351320 /* UserPickerViewController.m in Sources */,
			);
			runOnlyForDeploymentPostprocessing = 0;
		};
/* End PBXSourcesBuildPhase section */

/* Begin XCBuildConfiguration section */
		1D6058940D05DD3E006BFB54 /* Debug */ = {
			isa = XCBuildConfiguration;
			buildSettings = {
				ALWAYS_SEARCH_USER_PATHS = NO;
				COPY_PHASE_STRIP = NO;
				GCC_DYNAMIC_NO_PIC = NO;
				GCC_OPTIMIZATION_LEVEL = 0;
				GCC_PRECOMPILE_PREFIX_HEADER = YES;
				GCC_PREFIX_HEADER = NomTracker_Prefix.pch;
				INFOPLIST_FILE = Info.plist;
				PRODUCT_NAME = NomTracker;
			};
			name = Debug;
		};
		1D6058950D05DD3E006BFB54 /* Release */ = {
			isa = XCBuildConfiguration;
			buildSettings = {
				ALWAYS_SEARCH_USER_PATHS = NO;
				COPY_PHASE_STRIP = YES;
				GCC_PRECOMPILE_PREFIX_HEADER = YES;
				GCC_PREFIX_HEADER = NomTracker_Prefix.pch;
				INFOPLIST_FILE = Info.plist;
				PRODUCT_NAME = NomTracker;
			};
			name = Release;
		};
		C01FCF4F08A954540054247B /* Debug */ = {
			isa = XCBuildConfiguration;
			buildSettings = {
				ARCHS = "$(ARCHS_STANDARD_32_BIT)";
				"CODE_SIGN_IDENTITY[sdk=iphoneos*]" = "iPhone Developer";
				GCC_C_LANGUAGE_STANDARD = c99;
				GCC_WARN_ABOUT_RETURN_TYPE = YES;
				GCC_WARN_UNUSED_VARIABLE = YES;
				ONLY_ACTIVE_ARCH = YES;
				PREBINDING = NO;
				SDKROOT = iphoneos2.2.1;
			};
			name = Debug;
		};
		C01FCF5008A954540054247B /* Release */ = {
			isa = XCBuildConfiguration;
			buildSettings = {
				ARCHS = "$(ARCHS_STANDARD_32_BIT)";
				"CODE_SIGN_IDENTITY[sdk=iphoneos*]" = "iPhone Developer";
				GCC_C_LANGUAGE_STANDARD = c99;
				GCC_WARN_ABOUT_RETURN_TYPE = YES;
				GCC_WARN_UNUSED_VARIABLE = YES;
				PREBINDING = NO;
				SDKROOT = iphoneos2.2.1;
			};
			name = Release;
		};
/* End XCBuildConfiguration section */

/* Begin XCConfigurationList section */
		1D6058960D05DD3E006BFB54 /* Build configuration list for PBXNativeTarget "NomTracker" */ = {
			isa = XCConfigurationList;
			buildConfigurations = (
				1D6058940D05DD3E006BFB54 /* Debug */,
				1D6058950D05DD3E006BFB54 /* Release */,
			);
			defaultConfigurationIsVisible = 0;
			defaultConfigurationName = Release;
		};
		C01FCF4E08A954540054247B /* Build configuration list for PBXProject "NomTracker" */ = {
			isa = XCConfigurationList;
			buildConfigurations = (
				C01FCF4F08A954540054247B /* Debug */,
				C01FCF5008A954540054247B /* Release */,
			);
			defaultConfigurationIsVisible = 0;
			defaultConfigurationName = Release;
		};
/* End XCConfigurationList section */
	};
	rootObject = 29B97313FDCFA39411CA2CEA /* Project object */;
}
